
Microsoft Visual Studio Solution File, Format Version 12.00
# Visual Studio Version 17
VisualStudioVersion = 17.7.34018.315
MinimumVisualStudioVersion = 10.0.40219.1
Project("{FAE04EC0-301F-11D3-BF4B-00C04F79EFBC}") = "HotelListing.API", "HotelListing.API\HotelListing.API.csproj", "{C11B7945-1A43-449F-B6CC-94341D49886C}"
EndProject
Project("{FAE04EC0-301F-11D3-BF4B-00C04F79EFBC}") = "HotelListing.Minimal", "HotelListing.Minimal\HotelListing.Minimal.csproj", "{F8B27D83-EC48-422B-92E0-52C77AC67DAF}"
EndProject
Global
	GlobalSection(SolutionConfigurationPlatforms) = preSolution
		Debug|Any CPU = Debug|Any CPU
		Release|Any CPU = Release|Any CPU
	EndGlobalSection
	GlobalSection(ProjectConfigurationPlatforms) = postSolution
		{C11B7945-1A43-449F-B6CC-94341D49886C}.Debug|Any CPU.ActiveCfg = Debug|Any CPU
		{C11B7945-1A43-449F-B6CC-94341D49886C}.Debug|Any CPU.Build.0 = Debug|Any CPU
		{C11B7945-1A43-449F-B6CC-94341D49886C}.Release|Any CPU.ActiveCfg = Release|Any CPU
		{C11B7945-1A43-449F-B6CC-94341D49886C}.Release|Any CPU.Build.0 = Release|Any CPU
		{F8B27D83-EC48-422B-92E0-52C77AC67DAF}.Debug|Any CPU.ActiveCfg = Debug|Any CPU
		{F8B27D83-EC48-422B-92E0-52C77AC67DAF}.Debug|Any CPU.Build.0 = Debug|Any CPU
		{F8B27D83-EC48-422B-92E0-52C77AC67DAF}.Release|Any CPU.ActiveCfg = Release|Any CPU
		{F8B27D83-EC48-422B-92E0-52C77AC67DAF}.Release|Any CPU.Build.0 = Release|Any CPU
	EndGlobalSection
	GlobalSection(SolutionProperties) = preSolution
		HideSolutionNode = FALSE
	EndGlobalSection
	GlobalSection(ExtensibilityGlobals) = postSolution
		SolutionGuid = {7431BD43-BD81-4BAC-8083-232267CBA9BA}
	EndGlobalSection
EndGlobal
